// !$*UTF8*$!
{
	archiveVersion = 1;
	classes = {
	};
	objectVersion = 50;
	objects = {

/* Begin PBXBuildFile section */
		F624251C243EB75E00CC888F /* main.m in Sources */ = {isa = PBXBuildFile; fileRef = F624251B243EB75E00CC888F /* main.m */; };
		F6242524243EB83800CC888F /* Dice.m in Sources */ = {isa = PBXBuildFile; fileRef = F6242523243EB83800CC888F /* Dice.m */; };
		F6242527243EBAD600CC888F /* GameController.m in Sources */ = {isa = PBXBuildFile; fileRef = F6242526243EBAD600CC888F /* GameController.m */; };
/* End PBXBuildFile section */

/* Begin PBXCopyFilesBuildPhase section */
		F6242516243EB75E00CC888F /* CopyFiles */ = {
			isa = PBXCopyFilesBuildPhase;
			buildActionMask = 2147483647;
			dstPath = /usr/share/man/man1/;
			dstSubfolderSpec = 0;
			files = (
			);
			runOnlyForDeploymentPostprocessing = 1;
		};
/* End PBXCopyFilesBuildPhase section */

/* Begin PBXFileReference section */
		F6242518243EB75E00CC888F /* Threelow */ = {isa = PBXFileReference; explicitFileType = "compiled.mach-o.executable"; includeInIndex = 0; path = Threelow; sourceTree = BUILT_PRODUCTS_DIR; };
		F624251B243EB75E00CC888F /* main.m */ = {isa = PBXFileReference; lastKnownFileType = sourcecode.c.objc; path = main.m; sourceTree = "<group>"; };
		F6242522243EB83800CC888F /* Dice.h */ = {isa = PBXFileReference; lastKnownFileType = sourcecode.c.h; path = Dice.h; sourceTree = "<group>"; };
		F6242523243EB83800CC888F /* Dice.m */ = {isa = PBXFileReference; lastKnownFileType = sourcecode.c.objc; path = Dice.m; sourceTree = "<group>"; };
		F6242525243EBAD600CC888F /* GameController.h */ = {isa = PBXFileReference; lastKnownFileType = sourcecode.c.h; path = GameController.h; sourceTree = "<group>"; };
		F6242526243EBAD600CC888F /* GameController.m */ = {isa = PBXFileReference; lastKnownFileType = sourcecode.c.objc; path = GameController.m; sourceTree = "<group>"; };
/* End PBXFileReference section */

/* Begin PBXFrameworksBuildPhase section */
		F6242515243EB75E00CC888F /* Frameworks */ = {
			isa = PBXFrameworksBuildPhase;
			buildActionMask = 2147483647;
			files = (
			);
			runOnlyForDeploymentPostprocessing = 0;
		};
/* End PBXFrameworksBuildPhase section */

/* Begin PBXGroup section */
		F624250F243EB75E00CC888F = {
			isa = PBXGroup;
			children = (
				F624251A243EB75E00CC888F /* Threelow */,
				F6242519243EB75E00CC888F /* Products */,
			);
			sourceTree = "<group>";
		};
		F6242519243EB75E00CC888F /* Products */ = {
			isa = PBXGroup;
			children = (
				F6242518243EB75E00CC888F /* Threelow */,
			);
			name = Products;
			sourceTree = "<group>";
		};
		F624251A243EB75E00CC888F /* Threelow */ = {
			isa = PBXGroup;
			children = (
				F624251B243EB75E00CC888F /* main.m */,
				F6242522243EB83800CC888F /* Dice.h */,
				F6242523243EB83800CC888F /* Dice.m */,
				F6242525243EBAD600CC888F /* GameController.h */,
				F6242526243EBAD600CC888F /* GameController.m */,
			);
			path = Threelow;
			sourceTree = "<group>";
		};
/* End PBXGroup section */

/* Begin PBXNativeTarget section */
		F6242517243EB75E00CC888F /* Threelow */ = {
			isa = PBXNativeTarget;
			buildConfigurationList = F624251F243EB75E00CC888F /* Build configuration list for PBXNativeTarget "Threelow" */;
			buildPhases = (
				F6242514243EB75E00CC888F /* Sources */,
				F6242515243EB75E00CC888F /* Frameworks */,
				F6242516243EB75E00CC888F /* CopyFiles */,
			);
			buildRules = (
			);
			dependencies = (
			);
			name = Threelow;
			productName = Threelow;
			productReference = F6242518243EB75E00CC888F /* Threelow */;
			productType = "com.apple.product-type.tool";
		};
/* End PBXNativeTarget section */

/* Begin PBXProject section */
		F6242510243EB75E00CC888F /* Project object */ = {
			isa = PBXProject;
			attributes = {
				LastUpgradeCheck = 1140;
				ORGANIZATIONNAME = "Carlos andres Diaz bravo ";
				TargetAttributes = {
					F6242517243EB75E00CC888F = {
						CreatedOnToolsVersion = 11.4;
					};
				};
			};
			buildConfigurationList = F6242513243EB75E00CC888F /* Build configuration list for PBXProject "Threelow" */;
			compatibilityVersion = "Xcode 9.3";
			developmentRegion = en;
			hasScannedForEncodings = 0;
			knownRegions = (
				en,
				Base,
			);
			mainGroup = F624250F243EB75E00CC888F;
			productRefGroup = F6242519243EB75E00CC888F /* Products */;
			projectDirPath = "";
			projectRoot = "";
			targets = (
				F6242517243EB75E00CC888F /* Threelow */,
			);
		};
/* End PBXProject section */

/* Begin PBXSourcesBuildPhase section */
		F6242514243EB75E00CC888F /* Sources */ = {
			isa = PBXSourcesBuildPhase;
			buildActionMask = 2147483647;
			files = (
				F6242527243EBAD600CC888F /* GameController.m in Sources */,
				F6242524243EB83800CC888F /* Dice.m in Sources */,
				F624251C243EB75E00CC888F /* main.m in Sources */,
			);
			runOnlyForDeploymentPostprocessing = 0;
		};
/* End PBXSourcesBuildPhase section */

/* Begin XCBuildConfiguration section */
		F624251D243EB75E00CC888F /* Debug */ = {
			isa = XCBuildConfiguration;
			buildSettings = {
				ALWAYS_SEARCH_USER_PATHS = NO;
				CLANG_ANALYZER_NONNULL = YES;
				CLANG_ANALYZER_NUMBER_OBJECT_CONVERSION = YES_AGGRESSIVE;
				CLANG_CXX_LANGUAGE_STANDARD = "gnu++14";
				CLANG_CXX_LIBRARY = "libc++";
				CLANG_ENABLE_MODULES = YES;
				CLANG_ENABLE_OBJC_ARC = YES;
				CLANG_ENABLE_OBJC_WEAK = YES;
				CLANG_WARN_BLOCK_CAPTURE_AUTORELEASING = YES;
				CLANG_WARN_BOOL_CONVERSION = YES;
				CLANG_WARN_COMMA = YES;
				CLANG_WARN_CONSTANT_CONVERSION = YES;
				CLANG_WARN_DEPRECATED_OBJC_IMPLEMENTATIONS = YES;
				CLANG_WARN_DIRECT_OBJC_ISA_USAGE = YES_ERROR;
				CLANG_WARN_DOCUMENTATION_COMMENTS = YES;
				CLANG_WARN_EMPTY_BODY = YES;
				CLANG_WARN_ENUM_CONVERSION = YES;
				CLANG_WARN_INFINITE_RECURSION = YES;
				CLANG_WARN_INT_CONVERSION = YES;
				CLANG_WARN_NON_LITERAL_NULL_CONVERSION = YES;
				CLANG_WARN_OBJC_IMPLICIT_RETAIN_SELF = YES;
				CLANG_WARN_OBJC_LITERAL_CONVERSION = YES;
				CLANG_WARN_OBJC_ROOT_CLASS = YES_ERROR;
				CLANG_WARN_RANGE_LOOP_ANALYSIS = YES;
				CLANG_WARN_STRICT_PROTOTYPES = YES;
				CLANG_WARN_SUSPICIOUS_MOVE = YES;
				CLANG_WARN_UNGUARDED_AVAILABILITY = YES_AGGRESSIVE;
				CLANG_WARN_UNREACHABLE_CODE = YES;
				CLANG_WARN__DUPLICATE_METHOD_MATCH = YES;
				COPY_PHASE_STRIP = NO;
				DEBUG_INFORMATION_FORMAT = dwarf;
				ENABLE_STRICT_OBJC_MSGSEND = YES;
				ENABLE_TESTABILITY = YES;
				GCC_C_LANGUAGE_STANDARD = gnu11;
				GCC_DYNAMIC_NO_PIC = NO;
				GCC_NO_COMMON_BLOCKS = YES;
				GCC_OPTIMIZATION_LEVEL = 0;
				GCC_PREPROCESSOR_DEFINITIONS = (
					"DEBUG=1",
					"$(inherited)",
				);
				GCC_WARN_64_TO_32_BIT_CONVERSION = YES;
				GCC_WARN_ABOUT_RETURN_TYPE = YES_ERROR;
				GCC_WARN_UNDECLARED_SELECTOR = YES;
				GCC_WARN_UNINITIALIZED_AUTOS = YES_AGGRESSIVE;
				GCC_WARN_UNUSED_FUNCTION = YES;
				GCC_WARN_UNUSED_VARIABLE = YES;
				MACOSX_DEPLOYMENT_TARGET = 10.15;
				MTL_ENABLE_DEBUG_INFO = INCLUDE_SOURCE;
				MTL_FAST_MATH = YES;
				ONLY_ACTIVE_ARCH = YES;
				SDKROOT = macosx;
			};
			name = Debug;
		};
		F624251E243EB75E00CC888F /* Release */ = {
			isa = XCBuildConfiguration;
			buildSettings = {
				ALWAYS_SEARCH_USER_PATHS = NO;
				CLANG_ANALYZER_NONNULL = YES;
				CLANG_ANALYZER_NUMBER_OBJECT_CONVERSION = YES_AGGRESSIVE;
				CLANG_CXX_LANGUAGE_STANDARD = "gnu++14";
				CLANG_CXX_LIBRARY = "libc++";
				CLANG_ENABLE_MODULES = YES;
				CLANG_ENABLE_OBJC_ARC = YES;
				CLANG_ENABLE_OBJC_WEAK = YES;
				CLANG_WARN_BLOCK_CAPTURE_AUTORELEASING = YES;
				CLANG_WARN_BOOL_CONVERSION = YES;
				CLANG_WARN_COMMA = YES;
				CLANG_WARN_CONSTANT_CONVERSION = YES;
				CLANG_WARN_DEPRECATED_OBJC_IMPLEMENTATIONS = YES;
				CLANG_WARN_DIRECT_OBJC_ISA_USAGE = YES_ERROR;
				CLANG_WARN_DOCUMENTATION_COMMENTS = YES;
				CLANG_WARN_EMPTY_BODY = YES;
				CLANG_WARN_ENUM_CONVERSION = YES;
				CLANG_WARN_INFINITE_RECURSION = YES;
				CLANG_WARN_INT_CONVERSION = YES;
				CLANG_WARN_NON_LITERAL_NULL_CONVERSION = YES;
				CLANG_WARN_OBJC_IMPLICIT_RETAIN_SELF = YES;
				CLANG_WARN_OBJC_LITERAL_CONVERSION = YES;
				CLANG_WARN_OBJC_ROOT_CLASS = YES_ERROR;
				CLANG_WARN_RANGE_LOOP_ANALYSIS = YES;
				CLANG_WARN_STRICT_PROTOTYPES = YES;
				CLANG_WARN_SUSPICIOUS_MOVE = YES;
				CLANG_WARN_UNGUARDED_AVAILABILITY = YES_AGGRESSIVE;
				CLANG_WARN_UNREACHABLE_CODE = YES;
				CLANG_WARN__DUPLICATE_METHOD_MATCH = YES;
				COPY_PHASE_STRIP = NO;
				DEBUG_INFORMATION_FORMAT = "dwarf-with-dsym";
				ENABLE_NS_ASSERTIONS = NO;
				ENABLE_STRICT_OBJC_MSGSEND = YES;
				GCC_C_LANGUAGE_STANDARD = gnu11;
				GCC_NO_COMMON_BLOCKS = YES;
				GCC_WARN_64_TO_32_BIT_CONVERSION = YES;
				GCC_WARN_ABOUT_RETURN_TYPE = YES_ERROR;
				GCC_WARN_UNDECLARED_SELECTOR = YES;
				GCC_WARN_UNINITIALIZED_AUTOS = YES_AGGRESSIVE;
				GCC_WARN_UNUSED_FUNCTION = YES;
				GCC_WARN_UNUSED_VARIABLE = YES;
				MACOSX_DEPLOYMENT_TARGET = 10.15;
				MTL_ENABLE_DEBUG_INFO = NO;
				MTL_FAST_MATH = YES;
				SDKROOT = macosx;
			};
			name = Release;
		};
		F6242520243EB75E00CC888F /* Debug */ = {
			isa = XCBuildConfiguration;
			buildSettings = {
				CODE_SIGN_STYLE = Automatic;
				DEVELOPMENT_TEAM = DD3Q27V3P3;
				ENABLE_HARDENED_RUNTIME = YES;
				PRODUCT_NAME = "$(TARGET_NAME)";
			};
			name = Debug;
		};
		F6242521243EB75E00CC888F /* Release */ = {
			isa = XCBuildConfiguration;
			buildSettings = {
				CODE_SIGN_STYLE = Automatic;
				DEVELOPMENT_TEAM = DD3Q27V3P3;
				ENABLE_HARDENED_RUNTIME = YES;
				PRODUCT_NAME = "$(TARGET_NAME)";
			};
			name = Release;
		};
/* End XCBuildConfiguration section */

/* Begin XCConfigurationList section */
		F6242513243EB75E00CC888F /* Build configuration list for PBXProject "Threelow" */ = {
			isa = XCConfigurationList;
			buildConfigurations = (
				F624251D243EB75E00CC888F /* Debug */,
				F624251E243EB75E00CC888F /* Release */,
			);
			defaultConfigurationIsVisible = 0;
			defaultConfigurationName = Release;
		};
		F624251F243EB75E00CC888F /* Build configuration list for PBXNativeTarget "Threelow" */ = {
			isa = XCConfigurationList;
			buildConfigurations = (
				F6242520243EB75E00CC888F /* Debug */,
				F6242521243EB75E00CC888F /* Release */,
			);
			defaultConfigurationIsVisible = 0;
			defaultConfigurationName = Release;
		};
/* End XCConfigurationList section */
	};
	rootObject = F6242510243EB75E00CC888F /* Project object */;
}
